
Microsoft Visual Studio Solution File, Format Version 12.00
# Visual Studio 15
VisualStudioVersion = 15.0.28010.2046
MinimumVisualStudioVersion = 10.0.40219.1
Project("{FAE04EC0-301F-11D3-BF4B-00C04F79EFBC}") = "HaE FAPDrive Controller", "HaE FAPDrive Controller\HaE FAPDrive Controller.csproj", "{4AFC7213-BA0F-49D8-9A74-9287BA1E6B98}"
EndProject
Global
	GlobalSection(SolutionConfigurationPlatforms) = preSolution
		Debug|x64 = Debug|x64
	EndGlobalSection
	GlobalSection(ProjectConfigurationPlatforms) = postSolution
		{4AFC7213-BA0F-49D8-9A74-9287BA1E6B98}.Debug|x64.ActiveCfg = Debug|x64
		{4AFC7213-BA0F-49D8-9A74-9287BA1E6B98}.Debug|x64.Build.0 = Debug|x64
	EndGlobalSection
	GlobalSection(SolutionProperties) = preSolution
		HideSolutionNode = FALSE
	EndGlobalSection
	GlobalSection(ExtensibilityGlobals) = postSolution
		SolutionGuid = {05EC0DEE-EC65-4411-B00F-E0CB2B87DDB6}
	EndGlobalSection
EndGlobal
